<?xml version="1.0" encoding="utf-8"?>
<Project ToolsVersion="4.0" xmlns="http://schemas.microsoft.com/developer/msbuild/2003">
  <ItemGroup>
    <Filter Include="Source Files">
      <UniqueIdentifier>{4FC737F1-C7A5-4376-A066-2A32D752A2FF}</UniqueIdentifier>
      <Extensions>cpp;c;cc;cxx;def;odl;idl;hpj;bat;asm;asmx</Extensions>
    </Filter>
    <Filter Include="Header Files">
      <UniqueIdentifier>{93995380-89BD-4b04-88EB-625FBE52EBFB}</UniqueIdentifier>
      <Extensions>h;hh;hpp;hxx;hm;inl;inc;ipp;xsd</Extensions>
    </Filter>
    <Filter Include="Resource Files">
      <UniqueIdentifier>{67DA6AB6-F800-4c08-8B7A-83BB121AAD01}</UniqueIdentifier>
      <Extensions>rc;ico;cur;bmp;dlg;rc2;rct;bin;rgs;gif;jpg;jpeg;jpe;resx;tiff;tif;png;wav;mfcribbon-ms</Extensions>
    </Filter>
  </ItemGroup>
  <ItemGroup>
    <None Include="source\math\Mat.inl">
      <Filter>Header Files</Filter>
    </None>
    <None Include="source\math\Vec.inl">
      <Filter>Header Files</Filter>
    </None>
    <None Include="source\Network.inl">
      <Filter>Header Files</Filter>
    </None>
    <None Include="source\Dense.inl">
      <Filter>Header Files</Filter>
    </None>
    <None Include="source\activation\LinearActivation.inl">
      <Filter>Header Files</Filter>
    </None>
    <None Include="source\activation\ReLUActivation.inl">
      <Filter>Header Files</Filter>
    </None>
    <None Include="source\activation\LeakyReLUActivation.inl">
      <Filter>Header Files</Filter>
    </None>
    <None Include="source\activation\SigmoidActivation.inl">
      <Filter>Header Files</Filter>
    </None>
    <None Include="source\activation\TanhActivation.inl">
      <Filter>Header Files</Filter>
    </None>
    <None Include="source\loss\MeanSquaredErrorLoss.inl">
      <Filter>Header Files</Filter>
    </None>
    <None Include="source\loss\CategoricalCrossEntropyLoss.inl">
      <Filter>Header Files</Filter>
    </None>
    <None Include="source\activation\Activation.inl">
      <Filter>Header Files</Filter>
    </None>
    <None Include="source\activation\SoftmaxActivation.inl">
      <Filter>Header Files</Filter>
    </None>
    <None Include="source\loss\BinaryCrossEntropyLoss.inl">
      <Filter>Header Files</Filter>
    </None>
    <None Include="source\optimizer\SGDOptimizer.inl">
      <Filter>Header Files</Filter>
    </None>
    <None Include="source\optimizer\MomentumOptimizer.inl">
      <Filter>Header Files</Filter>
    </None>
    <None Include="source\optimizer\RMSPropOptimizer.inl">
      <Filter>Header Files</Filter>
    </None>
    <None Include="source\optimizer\AdamOptimizer.inl">
      <Filter>Header Files</Filter>
    </None>
  </ItemGroup>
  <ItemGroup>
    <ClInclude Include="include\math\Mat.h">
      <Filter>Header Files</Filter>
    </ClInclude>
    <ClInclude Include="include\math\Vec.h">
      <Filter>Header Files</Filter>
    </ClInclude>
    <ClInclude Include="include\Network.h">
      <Filter>Header Files</Filter>
    </ClInclude>
    <ClInclude Include="include\Dense.h">
      <Filter>Header Files</Filter>
    </ClInclude>
    <ClInclude Include="include\activation\Activation.h">
      <Filter>Header Files</Filter>
    </ClInclude>
    <ClInclude Include="include\activation\LinearActivation.h">
      <Filter>Header Files</Filter>
    </ClInclude>
    <ClInclude Include="include\activation\ReLUActivation.h">
      <Filter>Header Files</Filter>
    </ClInclude>
    <ClInclude Include="include\activation\LeakyReLUActivation.h">
      <Filter>Header Files</Filter>
    </ClInclude>
    <ClInclude Include="include\activation\SigmoidActivation.h">
      <Filter>Header Files</Filter>
    </ClInclude>
    <ClInclude Include="include\activation\TanhActivation.h">
      <Filter>Header Files</Filter>
    </ClInclude>
    <ClInclude Include="include\loss\Loss.h">
      <Filter>Header Files</Filter>
    </ClInclude>
    <ClInclude Include="include\loss\MeanSquaredErrorLoss.h">
      <Filter>Header Files</Filter>
    </ClInclude>
    <ClInclude Include="include\loss\CategoricalCrossEntropyLoss.h">
      <Filter>Header Files</Filter>
    </ClInclude>
    <ClInclude Include="include\activation\SoftmaxActivation.h">
      <Filter>Header Files</Filter>
    </ClInclude>
    <ClInclude Include="include\loss\BinaryCrossEntropyLoss.h">
      <Filter>Header Files</Filter>
    </ClInclude>
    <ClInclude Include="source\examples\mnist\mnist.h">
      <Filter>Header Files</Filter>
    </ClInclude>
    <ClInclude Include="source\examples\addition\addition.h">
      <Filter>Header Files</Filter>
    </ClInclude>
    <ClInclude Include="source\examples\classifier\classifier.h">
      <Filter>Header Files</Filter>
    </ClInclude>
    <ClInclude Include="include\optimizer\Optimizer.h">
      <Filter>Header Files</Filter>
    </ClInclude>
    <ClInclude Include="include\optimizer\SGDOptimizer.h">
      <Filter>Header Files</Filter>
    </ClInclude>
    <ClInclude Include="include\optimizer\MomentumOptimizer.h">
      <Filter>Header Files</Filter>
    </ClInclude>
    <ClInclude Include="include\optimizer\RMSPropOptimizer.h">
      <Filter>Header Files</Filter>
    </ClInclude>
    <ClInclude Include="include\optimizer\AdamOptimizer.h">
      <Filter>Header Files</Filter>
    </ClInclude>
  </ItemGroup>
  <ItemGroup>
    <ClCompile Include="source\examples\main.cpp">
      <Filter>Source Files</Filter>
    </ClCompile>
  </ItemGroup>
</Project>